// !$*UTF8*$!
{
	archiveVersion = 1;
	classes = {
	};
	objectVersion = 56;
	objects = {

/* Begin PBXBuildFile section */
		B5334B912C35ABA200595285 /* Shimmer.swift in Sources */ = {isa = PBXBuildFile; fileRef = B5334B902C35ABA200595285 /* Shimmer.swift */; };
		B5497D982C39898E000BCB0F /* WidgetKit.framework in Frameworks */ = {isa = PBXBuildFile; fileRef = B5497D972C39898E000BCB0F /* WidgetKit.framework */; };
		B5497D9A2C39898E000BCB0F /* SwiftUI.framework in Frameworks */ = {isa = PBXBuildFile; fileRef = B5497D992C39898E000BCB0F /* SwiftUI.framework */; };
		B5497D9D2C39898E000BCB0F /* Plan_WidgetBundle.swift in Sources */ = {isa = PBXBuildFile; fileRef = B5497D9C2C39898E000BCB0F /* Plan_WidgetBundle.swift */; };
		B5497D9F2C39898E000BCB0F /* Plan_Widget.swift in Sources */ = {isa = PBXBuildFile; fileRef = B5497D9E2C39898E000BCB0F /* Plan_Widget.swift */; };
		B5497DA12C39898E000BCB0F /* AppIntent.swift in Sources */ = {isa = PBXBuildFile; fileRef = B5497DA02C39898E000BCB0F /* AppIntent.swift */; };
		B5497DA32C39898F000BCB0F /* Assets.xcassets in Resources */ = {isa = PBXBuildFile; fileRef = B5497DA22C39898F000BCB0F /* Assets.xcassets */; };
		B5497DA72C39898F000BCB0F /* Plan WidgetExtension.appex in Embed Foundation Extensions */ = {isa = PBXBuildFile; fileRef = B5497D952C39898E000BCB0F /* Plan WidgetExtension.appex */; settings = {ATTRIBUTES = (RemoveHeadersOnCopy, ); }; };
		B5497DAC2C398A6A000BCB0F /* Events.swift in Sources */ = {isa = PBXBuildFile; fileRef = B56C7FD52C040DC1001DA721 /* Events.swift */; };
		B5497DAD2C398A73000BCB0F /* Discord User.swift in Sources */ = {isa = PBXBuildFile; fileRef = B5963B322BFFE4AB00C6C468 /* Discord User.swift */; };
		B5497DAE2C398A76000BCB0F /* Keyvault Service.swift in Sources */ = {isa = PBXBuildFile; fileRef = B5963B202BFFC83800C6C468 /* Keyvault Service.swift */; };
		B5497DAF2C398A78000BCB0F /* Bot Service.swift in Sources */ = {isa = PBXBuildFile; fileRef = B5963B222BFFC84900C6C468 /* Bot Service.swift */; };
		B5497DB02C398A7C000BCB0F /* Constants.swift in Sources */ = {isa = PBXBuildFile; fileRef = B5963B272BFFD07300C6C468 /* Constants.swift */; };
		B5497DB12C398A7F000BCB0F /* Cached Image Service.swift in Sources */ = {isa = PBXBuildFile; fileRef = B5963B2C2BFFDDFE00C6C468 /* Cached Image Service.swift */; };
		B5497DB42C39ADA4000BCB0F /* EventEntry.swift in Sources */ = {isa = PBXBuildFile; fileRef = B5497DB22C398B7A000BCB0F /* EventEntry.swift */; };
		B56C7FD62C040DC1001DA721 /* Events.swift in Sources */ = {isa = PBXBuildFile; fileRef = B56C7FD52C040DC1001DA721 /* Events.swift */; };
		B56F24B92C4710EE000A73B2 /* Text Tint.swift in Sources */ = {isa = PBXBuildFile; fileRef = B56F24B82C4710EE000A73B2 /* Text Tint.swift */; };
		B56F24BB2C471769000A73B2 /* Settings.bundle in Resources */ = {isa = PBXBuildFile; fileRef = B56F24BA2C471769000A73B2 /* Settings.bundle */; };
		B57D8D1E2C486CF500B55ABD /* Plan_WatchOSApp.swift in Sources */ = {isa = PBXBuildFile; fileRef = B57D8D1D2C486CF500B55ABD /* Plan_WatchOSApp.swift */; };
		B57D8D202C486CF500B55ABD /* ContentView.swift in Sources */ = {isa = PBXBuildFile; fileRef = B57D8D1F2C486CF500B55ABD /* ContentView.swift */; };
		B57D8D222C486CF600B55ABD /* Assets.xcassets in Resources */ = {isa = PBXBuildFile; fileRef = B57D8D212C486CF600B55ABD /* Assets.xcassets */; };
		B57D8D252C486CF600B55ABD /* Preview Assets.xcassets in Resources */ = {isa = PBXBuildFile; fileRef = B57D8D242C486CF600B55ABD /* Preview Assets.xcassets */; };
		B57D8D282C486CF600B55ABD /* Plan WatchOS Watch App.app in Embed Watch Content */ = {isa = PBXBuildFile; fileRef = B57D8D1B2C486CF500B55ABD /* Plan WatchOS Watch App.app */; settings = {ATTRIBUTES = (RemoveHeadersOnCopy, ); }; };
		B57D8D2E2C486D6800B55ABD /* Discord User.swift in Sources */ = {isa = PBXBuildFile; fileRef = B5963B322BFFE4AB00C6C468 /* Discord User.swift */; };
		B57D8D2F2C486D6A00B55ABD /* Events.swift in Sources */ = {isa = PBXBuildFile; fileRef = B56C7FD52C040DC1001DA721 /* Events.swift */; };
		B57D8D302C486D6D00B55ABD /* Keyvault Service.swift in Sources */ = {isa = PBXBuildFile; fileRef = B5963B202BFFC83800C6C468 /* Keyvault Service.swift */; };
		B57D8D312C486D7000B55ABD /* Bot Service.swift in Sources */ = {isa = PBXBuildFile; fileRef = B5963B222BFFC84900C6C468 /* Bot Service.swift */; };
		B57D8D322C486D7400B55ABD /* Cached Image Service.swift in Sources */ = {isa = PBXBuildFile; fileRef = B5963B2C2BFFDDFE00C6C468 /* Cached Image Service.swift */; };
		B57D8D332C486D7B00B55ABD /* Constants.swift in Sources */ = {isa = PBXBuildFile; fileRef = B5963B272BFFD07300C6C468 /* Constants.swift */; };
		B58598FE2C0807CF002238CB /* CreateEventView.swift in Sources */ = {isa = PBXBuildFile; fileRef = B58598FD2C0807CF002238CB /* CreateEventView.swift */; };
		B5877C7E2C0503F3009759B2 /* EventPreviewView.swift in Sources */ = {isa = PBXBuildFile; fileRef = B5877C7D2C0503F3009759B2 /* EventPreviewView.swift */; };
		B5963B1E2BFFC7F900C6C468 /* ViewModel.swift in Sources */ = {isa = PBXBuildFile; fileRef = B5963B1D2BFFC7F900C6C468 /* ViewModel.swift */; };
		B5963B212BFFC83800C6C468 /* Keyvault Service.swift in Sources */ = {isa = PBXBuildFile; fileRef = B5963B202BFFC83800C6C468 /* Keyvault Service.swift */; };
		B5963B232BFFC84900C6C468 /* Bot Service.swift in Sources */ = {isa = PBXBuildFile; fileRef = B5963B222BFFC84900C6C468 /* Bot Service.swift */; };
		B5963B262BFFD03500C6C468 /* LoginView.swift in Sources */ = {isa = PBXBuildFile; fileRef = B5963B252BFFD03500C6C468 /* LoginView.swift */; };
		B5963B282BFFD07300C6C468 /* Constants.swift in Sources */ = {isa = PBXBuildFile; fileRef = B5963B272BFFD07300C6C468 /* Constants.swift */; };
		B5963B2A2BFFD40000C6C468 /* PlannerBotView.swift in Sources */ = {isa = PBXBuildFile; fileRef = B5963B292BFFD40000C6C468 /* PlannerBotView.swift */; };
		B5963B2D2BFFDDFE00C6C468 /* Cached Image Service.swift in Sources */ = {isa = PBXBuildFile; fileRef = B5963B2C2BFFDDFE00C6C468 /* Cached Image Service.swift */; };
		B5963B302BFFDEEE00C6C468 /* UserProfileView.swift in Sources */ = {isa = PBXBuildFile; fileRef = B5963B2F2BFFDEEE00C6C468 /* UserProfileView.swift */; };
		B5963B332BFFE4AB00C6C468 /* Discord User.swift in Sources */ = {isa = PBXBuildFile; fileRef = B5963B322BFFE4AB00C6C468 /* Discord User.swift */; };
		B5C85B362C35D9D0008A501F /* Localizable.xcstrings in Resources */ = {isa = PBXBuildFile; fileRef = B5C85B352C35D9D0008A501F /* Localizable.xcstrings */; };
		B5E9614C2BFF93B9006FDDD1 /* Planner_BotApp.swift in Sources */ = {isa = PBXBuildFile; fileRef = B5E9614B2BFF93B9006FDDD1 /* Planner_BotApp.swift */; };
		B5E9614E2BFF93B9006FDDD1 /* ContentView.swift in Sources */ = {isa = PBXBuildFile; fileRef = B5E9614D2BFF93B9006FDDD1 /* ContentView.swift */; };
		B5E961502BFF93BA006FDDD1 /* Assets.xcassets in Resources */ = {isa = PBXBuildFile; fileRef = B5E9614F2BFF93BA006FDDD1 /* Assets.xcassets */; };
		B5E961532BFF93BA006FDDD1 /* Preview Assets.xcassets in Resources */ = {isa = PBXBuildFile; fileRef = B5E961522BFF93BA006FDDD1 /* Preview Assets.xcassets */; };
/* End PBXBuildFile section */

/* Begin PBXContainerItemProxy section */
		B5497DA52C39898F000BCB0F /* PBXContainerItemProxy */ = {
			isa = PBXContainerItemProxy;
			containerPortal = B5E961402BFF93B9006FDDD1 /* Project object */;
			proxyType = 1;
			remoteGlobalIDString = B5497D942C39898E000BCB0F;
			remoteInfo = "Plan WidgetExtension";
		};
		B57D8D262C486CF600B55ABD /* PBXContainerItemProxy */ = {
			isa = PBXContainerItemProxy;
			containerPortal = B5E961402BFF93B9006FDDD1 /* Project object */;
			proxyType = 1;
			remoteGlobalIDString = B57D8D1A2C486CF500B55ABD;
			remoteInfo = "Plan WatchOS Watch App";
		};
/* End PBXContainerItemProxy section */

/* Begin PBXCopyFilesBuildPhase section */
		B5497DA82C39898F000BCB0F /* Embed Foundation Extensions */ = {
			isa = PBXCopyFilesBuildPhase;
			buildActionMask = 2147483647;
			dstPath = "";
			dstSubfolderSpec = 13;
			files = (
				B5497DA72C39898F000BCB0F /* Plan WidgetExtension.appex in Embed Foundation Extensions */,
			);
			name = "Embed Foundation Extensions";
			runOnlyForDeploymentPostprocessing = 0;
		};
		B57D8D292C486CF600B55ABD /* Embed Watch Content */ = {
			isa = PBXCopyFilesBuildPhase;
			buildActionMask = 2147483647;
			dstPath = "$(CONTENTS_FOLDER_PATH)/Watch";
			dstSubfolderSpec = 16;
			files = (
				B57D8D282C486CF600B55ABD /* Plan WatchOS Watch App.app in Embed Watch Content */,
			);
			name = "Embed Watch Content";
			runOnlyForDeploymentPostprocessing = 0;
		};
/* End PBXCopyFilesBuildPhase section */

/* Begin PBXFileReference section */
		B5334B902C35ABA200595285 /* Shimmer.swift */ = {isa = PBXFileReference; lastKnownFileType = sourcecode.swift; path = Shimmer.swift; sourceTree = "<group>"; };
		B5497D952C39898E000BCB0F /* Plan WidgetExtension.appex */ = {isa = PBXFileReference; explicitFileType = "wrapper.app-extension"; includeInIndex = 0; path = "Plan WidgetExtension.appex"; sourceTree = BUILT_PRODUCTS_DIR; };
		B5497D972C39898E000BCB0F /* WidgetKit.framework */ = {isa = PBXFileReference; lastKnownFileType = wrapper.framework; name = WidgetKit.framework; path = System/Library/Frameworks/WidgetKit.framework; sourceTree = SDKROOT; };
		B5497D992C39898E000BCB0F /* SwiftUI.framework */ = {isa = PBXFileReference; lastKnownFileType = wrapper.framework; name = SwiftUI.framework; path = System/Library/Frameworks/SwiftUI.framework; sourceTree = SDKROOT; };
		B5497D9C2C39898E000BCB0F /* Plan_WidgetBundle.swift */ = {isa = PBXFileReference; lastKnownFileType = sourcecode.swift; path = Plan_WidgetBundle.swift; sourceTree = "<group>"; };
		B5497D9E2C39898E000BCB0F /* Plan_Widget.swift */ = {isa = PBXFileReference; lastKnownFileType = sourcecode.swift; path = Plan_Widget.swift; sourceTree = "<group>"; };
		B5497DA02C39898E000BCB0F /* AppIntent.swift */ = {isa = PBXFileReference; lastKnownFileType = sourcecode.swift; path = AppIntent.swift; sourceTree = "<group>"; };
		B5497DA22C39898F000BCB0F /* Assets.xcassets */ = {isa = PBXFileReference; lastKnownFileType = folder.assetcatalog; path = Assets.xcassets; sourceTree = "<group>"; };
		B5497DA42C39898F000BCB0F /* Info.plist */ = {isa = PBXFileReference; lastKnownFileType = text.plist.xml; path = Info.plist; sourceTree = "<group>"; };
		B5497DB22C398B7A000BCB0F /* EventEntry.swift */ = {isa = PBXFileReference; lastKnownFileType = sourcecode.swift; path = EventEntry.swift; sourceTree = "<group>"; };
		B5497DB52C3A4A54000BCB0F /* Plan WidgetExtension.entitlements */ = {isa = PBXFileReference; lastKnownFileType = text.plist.entitlements; path = "Plan WidgetExtension.entitlements"; sourceTree = "<group>"; };
		B56C7FD52C040DC1001DA721 /* Events.swift */ = {isa = PBXFileReference; lastKnownFileType = sourcecode.swift; path = Events.swift; sourceTree = "<group>"; };
		B56F24B82C4710EE000A73B2 /* Text Tint.swift */ = {isa = PBXFileReference; lastKnownFileType = sourcecode.swift; path = "Text Tint.swift"; sourceTree = "<group>"; };
		B56F24BA2C471769000A73B2 /* Settings.bundle */ = {isa = PBXFileReference; lastKnownFileType = "wrapper.plug-in"; path = Settings.bundle; sourceTree = "<group>"; };
		B57D8D1B2C486CF500B55ABD /* Plan WatchOS Watch App.app */ = {isa = PBXFileReference; explicitFileType = wrapper.application; includeInIndex = 0; path = "Plan WatchOS Watch App.app"; sourceTree = BUILT_PRODUCTS_DIR; };
		B57D8D1D2C486CF500B55ABD /* Plan_WatchOSApp.swift */ = {isa = PBXFileReference; lastKnownFileType = sourcecode.swift; path = Plan_WatchOSApp.swift; sourceTree = "<group>"; };
		B57D8D1F2C486CF500B55ABD /* ContentView.swift */ = {isa = PBXFileReference; lastKnownFileType = sourcecode.swift; path = ContentView.swift; sourceTree = "<group>"; };
		B57D8D212C486CF600B55ABD /* Assets.xcassets */ = {isa = PBXFileReference; lastKnownFileType = folder.assetcatalog; path = Assets.xcassets; sourceTree = "<group>"; };
		B57D8D242C486CF600B55ABD /* Preview Assets.xcassets */ = {isa = PBXFileReference; lastKnownFileType = folder.assetcatalog; path = "Preview Assets.xcassets"; sourceTree = "<group>"; };
		B57D8D2D2C486D0800B55ABD /* Plan WatchOS Watch App.entitlements */ = {isa = PBXFileReference; lastKnownFileType = text.plist.entitlements; path = "Plan WatchOS Watch App.entitlements"; sourceTree = "<group>"; };
		B58598FD2C0807CF002238CB /* CreateEventView.swift */ = {isa = PBXFileReference; lastKnownFileType = sourcecode.swift; path = CreateEventView.swift; sourceTree = "<group>"; };
		B5877C7D2C0503F3009759B2 /* EventPreviewView.swift */ = {isa = PBXFileReference; lastKnownFileType = sourcecode.swift; path = EventPreviewView.swift; sourceTree = "<group>"; };
		B594304D2C0F84F10002F9A3 /* Planner-Bot-Info.plist */ = {isa = PBXFileReference; lastKnownFileType = text.plist; path = "Planner-Bot-Info.plist"; sourceTree = SOURCE_ROOT; };
		B5963B1D2BFFC7F900C6C468 /* ViewModel.swift */ = {isa = PBXFileReference; lastKnownFileType = sourcecode.swift; path = ViewModel.swift; sourceTree = "<group>"; };
		B5963B202BFFC83800C6C468 /* Keyvault Service.swift */ = {isa = PBXFileReference; lastKnownFileType = sourcecode.swift; path = "Keyvault Service.swift"; sourceTree = "<group>"; };
		B5963B222BFFC84900C6C468 /* Bot Service.swift */ = {isa = PBXFileReference; lastKnownFileType = sourcecode.swift; path = "Bot Service.swift"; sourceTree = "<group>"; };
		B5963B252BFFD03500C6C468 /* LoginView.swift */ = {isa = PBXFileReference; lastKnownFileType = sourcecode.swift; path = LoginView.swift; sourceTree = "<group>"; };
		B5963B272BFFD07300C6C468 /* Constants.swift */ = {isa = PBXFileReference; lastKnownFileType = sourcecode.swift; path = Constants.swift; sourceTree = "<group>"; };
		B5963B292BFFD40000C6C468 /* PlannerBotView.swift */ = {isa = PBXFileReference; lastKnownFileType = sourcecode.swift; path = PlannerBotView.swift; sourceTree = "<group>"; };
		B5963B2C2BFFDDFE00C6C468 /* Cached Image Service.swift */ = {isa = PBXFileReference; lastKnownFileType = sourcecode.swift; path = "Cached Image Service.swift"; sourceTree = "<group>"; };
		B5963B2F2BFFDEEE00C6C468 /* UserProfileView.swift */ = {isa = PBXFileReference; lastKnownFileType = sourcecode.swift; path = UserProfileView.swift; sourceTree = "<group>"; };
		B5963B322BFFE4AB00C6C468 /* Discord User.swift */ = {isa = PBXFileReference; lastKnownFileType = sourcecode.swift; path = "Discord User.swift"; sourceTree = "<group>"; };
		B5C85B352C35D9D0008A501F /* Localizable.xcstrings */ = {isa = PBXFileReference; lastKnownFileType = text.json.xcstrings; path = Localizable.xcstrings; sourceTree = "<group>"; };
		B5D61BA62C112C0900A59C17 /* Planner Bot.entitlements */ = {isa = PBXFileReference; lastKnownFileType = text.plist.entitlements; path = "Planner Bot.entitlements"; sourceTree = "<group>"; };
		B5E961482BFF93B9006FDDD1 /* Planner Bot.app */ = {isa = PBXFileReference; explicitFileType = wrapper.application; includeInIndex = 0; path = "Planner Bot.app"; sourceTree = BUILT_PRODUCTS_DIR; };
		B5E9614B2BFF93B9006FDDD1 /* Planner_BotApp.swift */ = {isa = PBXFileReference; lastKnownFileType = sourcecode.swift; path = Planner_BotApp.swift; sourceTree = "<group>"; };
		B5E9614D2BFF93B9006FDDD1 /* ContentView.swift */ = {isa = PBXFileReference; lastKnownFileType = sourcecode.swift; path = ContentView.swift; sourceTree = "<group>"; };
		B5E9614F2BFF93BA006FDDD1 /* Assets.xcassets */ = {isa = PBXFileReference; lastKnownFileType = folder.assetcatalog; path = Assets.xcassets; sourceTree = "<group>"; };
		B5E961522BFF93BA006FDDD1 /* Preview Assets.xcassets */ = {isa = PBXFileReference; lastKnownFileType = folder.assetcatalog; path = "Preview Assets.xcassets"; sourceTree = "<group>"; };
/* End PBXFileReference section */

/* Begin PBXFrameworksBuildPhase section */
		B5497D922C39898E000BCB0F /* Frameworks */ = {
			isa = PBXFrameworksBuildPhase;
			buildActionMask = 2147483647;
			files = (
				B5497D9A2C39898E000BCB0F /* SwiftUI.framework in Frameworks */,
				B5497D982C39898E000BCB0F /* WidgetKit.framework in Frameworks */,
			);
			runOnlyForDeploymentPostprocessing = 0;
		};
		B57D8D182C486CF500B55ABD /* Frameworks */ = {
			isa = PBXFrameworksBuildPhase;
			buildActionMask = 2147483647;
			files = (
			);
			runOnlyForDeploymentPostprocessing = 0;
		};
		B5E961452BFF93B9006FDDD1 /* Frameworks */ = {
			isa = PBXFrameworksBuildPhase;
			buildActionMask = 2147483647;
			files = (
			);
			runOnlyForDeploymentPostprocessing = 0;
		};
/* End PBXFrameworksBuildPhase section */

/* Begin PBXGroup section */
		B5334B8F2C35AB9500595285 /* Modifiers */ = {
			isa = PBXGroup;
			children = (
				B5334B902C35ABA200595285 /* Shimmer.swift */,
			);
			path = Modifiers;
			sourceTree = "<group>";
		};
		B5497D962C39898E000BCB0F /* Frameworks */ = {
			isa = PBXGroup;
			children = (
				B5497D972C39898E000BCB0F /* WidgetKit.framework */,
				B5497D992C39898E000BCB0F /* SwiftUI.framework */,
			);
			name = Frameworks;
			sourceTree = "<group>";
		};
		B5497D9B2C39898E000BCB0F /* Plan Widget */ = {
			isa = PBXGroup;
			children = (
				B5497D9C2C39898E000BCB0F /* Plan_WidgetBundle.swift */,
				B5497D9E2C39898E000BCB0F /* Plan_Widget.swift */,
				B5497DA02C39898E000BCB0F /* AppIntent.swift */,
				B5497DB22C398B7A000BCB0F /* EventEntry.swift */,
				B5497DA22C39898F000BCB0F /* Assets.xcassets */,
				B5497DA42C39898F000BCB0F /* Info.plist */,
			);
			path = "Plan Widget";
			sourceTree = "<group>";
		};
		B56F24B72C4710D0000A73B2 /* misc */ = {
			isa = PBXGroup;
			children = (
				B56F24B82C4710EE000A73B2 /* Text Tint.swift */,
			);
			path = misc;
			sourceTree = "<group>";
		};
		B57D8D1C2C486CF500B55ABD /* Plan WatchOS Watch App */ = {
			isa = PBXGroup;
			children = (
				B57D8D2D2C486D0800B55ABD /* Plan WatchOS Watch App.entitlements */,
				B57D8D1D2C486CF500B55ABD /* Plan_WatchOSApp.swift */,
				B57D8D1F2C486CF500B55ABD /* ContentView.swift */,
				B57D8D212C486CF600B55ABD /* Assets.xcassets */,
				B57D8D232C486CF600B55ABD /* Preview Content */,
			);
			path = "Plan WatchOS Watch App";
			sourceTree = "<group>";
		};
		B57D8D232C486CF600B55ABD /* Preview Content */ = {
			isa = PBXGroup;
			children = (
				B57D8D242C486CF600B55ABD /* Preview Assets.xcassets */,
			);
			path = "Preview Content";
			sourceTree = "<group>";
		};
		B5877C7C2C050304009759B2 /* Event */ = {
			isa = PBXGroup;
			children = (
				B5877C7D2C0503F3009759B2 /* EventPreviewView.swift */,
				B58598FD2C0807CF002238CB /* CreateEventView.swift */,
			);
			path = Event;
			sourceTree = "<group>";
		};
		B5963B1F2BFFC82100C6C468 /* Shared */ = {
			isa = PBXGroup;
			children = (
				B5963B312BFFE49E00C6C468 /* Data */,
				B5963B2B2BFFDDEB00C6C468 /* Services */,
				B5963B272BFFD07300C6C468 /* Constants.swift */,
			);
			path = Shared;
			sourceTree = "<group>";
		};
		B5963B242BFFD02800C6C468 /* Views */ = {
			isa = PBXGroup;
			children = (
				B56F24B72C4710D0000A73B2 /* misc */,
				B5334B8F2C35AB9500595285 /* Modifiers */,
				B5877C7C2C050304009759B2 /* Event */,
				B5963B2E2BFFDEDF00C6C468 /* User */,
				B5963B292BFFD40000C6C468 /* PlannerBotView.swift */,
			);
			path = Views;
			sourceTree = "<group>";
		};
		B5963B2B2BFFDDEB00C6C468 /* Services */ = {
			isa = PBXGroup;
			children = (
				B5963B202BFFC83800C6C468 /* Keyvault Service.swift */,
				B5963B222BFFC84900C6C468 /* Bot Service.swift */,
				B5963B2C2BFFDDFE00C6C468 /* Cached Image Service.swift */,
			);
			path = Services;
			sourceTree = "<group>";
		};
		B5963B2E2BFFDEDF00C6C468 /* User */ = {
			isa = PBXGroup;
			children = (
				B5963B252BFFD03500C6C468 /* LoginView.swift */,
				B5963B2F2BFFDEEE00C6C468 /* UserProfileView.swift */,
			);
			path = User;
			sourceTree = "<group>";
		};
		B5963B312BFFE49E00C6C468 /* Data */ = {
			isa = PBXGroup;
			children = (
				B5963B322BFFE4AB00C6C468 /* Discord User.swift */,
				B56C7FD52C040DC1001DA721 /* Events.swift */,
			);
			path = Data;
			sourceTree = "<group>";
		};
		B5E9613F2BFF93B9006FDDD1 = {
			isa = PBXGroup;
			children = (
				B5497DB52C3A4A54000BCB0F /* Plan WidgetExtension.entitlements */,
				B5963B1F2BFFC82100C6C468 /* Shared */,
				B5E9614A2BFF93B9006FDDD1 /* Planner Bot */,
				B5497D9B2C39898E000BCB0F /* Plan Widget */,
				B57D8D1C2C486CF500B55ABD /* Plan WatchOS Watch App */,
				B5497D962C39898E000BCB0F /* Frameworks */,
				B5E961492BFF93B9006FDDD1 /* Products */,
			);
			sourceTree = "<group>";
		};
		B5E961492BFF93B9006FDDD1 /* Products */ = {
			isa = PBXGroup;
			children = (
				B5E961482BFF93B9006FDDD1 /* Planner Bot.app */,
				B5497D952C39898E000BCB0F /* Plan WidgetExtension.appex */,
				B57D8D1B2C486CF500B55ABD /* Plan WatchOS Watch App.app */,
			);
			name = Products;
			sourceTree = "<group>";
		};
		B5E9614A2BFF93B9006FDDD1 /* Planner Bot */ = {
			isa = PBXGroup;
			children = (
				B5D61BA62C112C0900A59C17 /* Planner Bot.entitlements */,
				B594304D2C0F84F10002F9A3 /* Planner-Bot-Info.plist */,
				B5963B242BFFD02800C6C468 /* Views */,
				B5963B1D2BFFC7F900C6C468 /* ViewModel.swift */,
				B5E9614B2BFF93B9006FDDD1 /* Planner_BotApp.swift */,
				B5E9614D2BFF93B9006FDDD1 /* ContentView.swift */,
				B5E9614F2BFF93BA006FDDD1 /* Assets.xcassets */,
				B5E961512BFF93BA006FDDD1 /* Preview Content */,
				B5C85B352C35D9D0008A501F /* Localizable.xcstrings */,
				B56F24BA2C471769000A73B2 /* Settings.bundle */,
			);
			path = "Planner Bot";
			sourceTree = "<group>";
		};
		B5E961512BFF93BA006FDDD1 /* Preview Content */ = {
			isa = PBXGroup;
			children = (
				B5E961522BFF93BA006FDDD1 /* Preview Assets.xcassets */,
			);
			path = "Preview Content";
			sourceTree = "<group>";
		};
/* End PBXGroup section */

/* Begin PBXNativeTarget section */
		B5497D942C39898E000BCB0F /* Plan WidgetExtension */ = {
			isa = PBXNativeTarget;
			buildConfigurationList = B5497DAB2C39898F000BCB0F /* Build configuration list for PBXNativeTarget "Plan WidgetExtension" */;
			buildPhases = (
				B5497D912C39898E000BCB0F /* Sources */,
				B5497D922C39898E000BCB0F /* Frameworks */,
				B5497D932C39898E000BCB0F /* Resources */,
			);
			buildRules = (
			);
			dependencies = (
			);
			name = "Plan WidgetExtension";
			productName = "Plan WidgetExtension";
			productReference = B5497D952C39898E000BCB0F /* Plan WidgetExtension.appex */;
			productType = "com.apple.product-type.app-extension";
		};
		B57D8D1A2C486CF500B55ABD /* Plan WatchOS Watch App */ = {
			isa = PBXNativeTarget;
			buildConfigurationList = B57D8D2C2C486CF600B55ABD /* Build configuration list for PBXNativeTarget "Plan WatchOS Watch App" */;
			buildPhases = (
				B57D8D172C486CF500B55ABD /* Sources */,
				B57D8D182C486CF500B55ABD /* Frameworks */,
				B57D8D192C486CF500B55ABD /* Resources */,
			);
			buildRules = (
			);
			dependencies = (
			);
			name = "Plan WatchOS Watch App";
			productName = "Plan WatchOS Watch App";
			productReference = B57D8D1B2C486CF500B55ABD /* Plan WatchOS Watch App.app */;
			productType = "com.apple.product-type.application";
		};
		B5E961472BFF93B9006FDDD1 /* Planner Bot */ = {
			isa = PBXNativeTarget;
			buildConfigurationList = B5E961562BFF93BA006FDDD1 /* Build configuration list for PBXNativeTarget "Planner Bot" */;
			buildPhases = (
				B5E961442BFF93B9006FDDD1 /* Sources */,
				B5E961452BFF93B9006FDDD1 /* Frameworks */,
				B5E961462BFF93B9006FDDD1 /* Resources */,
				B5497DA82C39898F000BCB0F /* Embed Foundation Extensions */,
				B57D8D292C486CF600B55ABD /* Embed Watch Content */,
			);
			buildRules = (
			);
			dependencies = (
				B5497DA62C39898F000BCB0F /* PBXTargetDependency */,
				B57D8D272C486CF600B55ABD /* PBXTargetDependency */,
			);
			name = "Planner Bot";
			productName = "Planner Bot";
			productReference = B5E961482BFF93B9006FDDD1 /* Planner Bot.app */;
			productType = "com.apple.product-type.application";
		};
/* End PBXNativeTarget section */

/* Begin PBXProject section */
		B5E961402BFF93B9006FDDD1 /* Project object */ = {
			isa = PBXProject;
			attributes = {
				BuildIndependentTargetsInParallel = 1;
				LastSwiftUpdateCheck = 1540;
				LastUpgradeCheck = 1610;
				TargetAttributes = {
					B5497D942C39898E000BCB0F = {
						CreatedOnToolsVersion = 15.4;
					};
					B57D8D1A2C486CF500B55ABD = {
						CreatedOnToolsVersion = 15.4;
					};
					B5E961472BFF93B9006FDDD1 = {
						CreatedOnToolsVersion = 15.4;
					};
				};
			};
			buildConfigurationList = B5E961432BFF93B9006FDDD1 /* Build configuration list for PBXProject "Planner Bot" */;
			compatibilityVersion = "Xcode 14.0";
			developmentRegion = en;
			hasScannedForEncodings = 0;
			knownRegions = (
				en,
				Base,
				de,
				pl,
			);
			mainGroup = B5E9613F2BFF93B9006FDDD1;
			productRefGroup = B5E961492BFF93B9006FDDD1 /* Products */;
			projectDirPath = "";
			projectRoot = "";
			targets = (
				B5E961472BFF93B9006FDDD1 /* Planner Bot */,
				B5497D942C39898E000BCB0F /* Plan WidgetExtension */,
				B57D8D1A2C486CF500B55ABD /* Plan WatchOS Watch App */,
			);
		};
/* End PBXProject section */

/* Begin PBXResourcesBuildPhase section */
		B5497D932C39898E000BCB0F /* Resources */ = {
			isa = PBXResourcesBuildPhase;
			buildActionMask = 2147483647;
			files = (
				B5497DA32C39898F000BCB0F /* Assets.xcassets in Resources */,
			);
			runOnlyForDeploymentPostprocessing = 0;
		};
		B57D8D192C486CF500B55ABD /* Resources */ = {
			isa = PBXResourcesBuildPhase;
			buildActionMask = 2147483647;
			files = (
				B57D8D252C486CF600B55ABD /* Preview Assets.xcassets in Resources */,
				B57D8D222C486CF600B55ABD /* Assets.xcassets in Resources */,
			);
			runOnlyForDeploymentPostprocessing = 0;
		};
		B5E961462BFF93B9006FDDD1 /* Resources */ = {
			isa = PBXResourcesBuildPhase;
			buildActionMask = 2147483647;
			files = (
				B56F24BB2C471769000A73B2 /* Settings.bundle in Resources */,
				B5C85B362C35D9D0008A501F /* Localizable.xcstrings in Resources */,
				B5E961532BFF93BA006FDDD1 /* Preview Assets.xcassets in Resources */,
				B5E961502BFF93BA006FDDD1 /* Assets.xcassets in Resources */,
			);
			runOnlyForDeploymentPostprocessing = 0;
		};
/* End PBXResourcesBuildPhase section */

/* Begin PBXSourcesBuildPhase section */
		B5497D912C39898E000BCB0F /* Sources */ = {
			isa = PBXSourcesBuildPhase;
			buildActionMask = 2147483647;
			files = (
				B5497DAD2C398A73000BCB0F /* Discord User.swift in Sources */,
				B5497DAC2C398A6A000BCB0F /* Events.swift in Sources */,
				B5497DB12C398A7F000BCB0F /* Cached Image Service.swift in Sources */,
				B5497DB42C39ADA4000BCB0F /* EventEntry.swift in Sources */,
				B5497D9F2C39898E000BCB0F /* Plan_Widget.swift in Sources */,
				B5497D9D2C39898E000BCB0F /* Plan_WidgetBundle.swift in Sources */,
				B5497DA12C39898E000BCB0F /* AppIntent.swift in Sources */,
				B5497DAE2C398A76000BCB0F /* Keyvault Service.swift in Sources */,
				B5497DAF2C398A78000BCB0F /* Bot Service.swift in Sources */,
				B5497DB02C398A7C000BCB0F /* Constants.swift in Sources */,
			);
			runOnlyForDeploymentPostprocessing = 0;
		};
		B57D8D172C486CF500B55ABD /* Sources */ = {
			isa = PBXSourcesBuildPhase;
			buildActionMask = 2147483647;
			files = (
				B57D8D312C486D7000B55ABD /* Bot Service.swift in Sources */,
				B57D8D2F2C486D6A00B55ABD /* Events.swift in Sources */,
				B57D8D302C486D6D00B55ABD /* Keyvault Service.swift in Sources */,
				B57D8D2E2C486D6800B55ABD /* Discord User.swift in Sources */,
				B57D8D322C486D7400B55ABD /* Cached Image Service.swift in Sources */,
				B57D8D202C486CF500B55ABD /* ContentView.swift in Sources */,
				B57D8D1E2C486CF500B55ABD /* Plan_WatchOSApp.swift in Sources */,
				B57D8D332C486D7B00B55ABD /* Constants.swift in Sources */,
			);
			runOnlyForDeploymentPostprocessing = 0;
		};
		B5E961442BFF93B9006FDDD1 /* Sources */ = {
			isa = PBXSourcesBuildPhase;
			buildActionMask = 2147483647;
			files = (
				B56C7FD62C040DC1001DA721 /* Events.swift in Sources */,
				B5963B262BFFD03500C6C468 /* LoginView.swift in Sources */,
				B5E9614E2BFF93B9006FDDD1 /* ContentView.swift in Sources */,
				B5963B2D2BFFDDFE00C6C468 /* Cached Image Service.swift in Sources */,
				B5963B1E2BFFC7F900C6C468 /* ViewModel.swift in Sources */,
				B5963B332BFFE4AB00C6C468 /* Discord User.swift in Sources */,
				B5E9614C2BFF93B9006FDDD1 /* Planner_BotApp.swift in Sources */,
				B5963B302BFFDEEE00C6C468 /* UserProfileView.swift in Sources */,
				B5963B282BFFD07300C6C468 /* Constants.swift in Sources */,
				B5877C7E2C0503F3009759B2 /* EventPreviewView.swift in Sources */,
				B5963B212BFFC83800C6C468 /* Keyvault Service.swift in Sources */,
				B5963B232BFFC84900C6C468 /* Bot Service.swift in Sources */,
				B56F24B92C4710EE000A73B2 /* Text Tint.swift in Sources */,
				B5963B2A2BFFD40000C6C468 /* PlannerBotView.swift in Sources */,
				B5334B912C35ABA200595285 /* Shimmer.swift in Sources */,
				B58598FE2C0807CF002238CB /* CreateEventView.swift in Sources */,
			);
			runOnlyForDeploymentPostprocessing = 0;
		};
/* End PBXSourcesBuildPhase section */

/* Begin PBXTargetDependency section */
		B5497DA62C39898F000BCB0F /* PBXTargetDependency */ = {
			isa = PBXTargetDependency;
			target = B5497D942C39898E000BCB0F /* Plan WidgetExtension */;
			targetProxy = B5497DA52C39898F000BCB0F /* PBXContainerItemProxy */;
		};
		B57D8D272C486CF600B55ABD /* PBXTargetDependency */ = {
			isa = PBXTargetDependency;
			target = B57D8D1A2C486CF500B55ABD /* Plan WatchOS Watch App */;
			targetProxy = B57D8D262C486CF600B55ABD /* PBXContainerItemProxy */;
		};
/* End PBXTargetDependency section */

/* Begin XCBuildConfiguration section */
		B5497DA92C39898F000BCB0F /* Debug */ = {
			isa = XCBuildConfiguration;
			buildSettings = {
				ASSETCATALOG_COMPILER_GLOBAL_ACCENT_COLOR_NAME = AccentColor;
				ASSETCATALOG_COMPILER_WIDGET_BACKGROUND_COLOR_NAME = WidgetBackground;
				CODE_SIGN_ENTITLEMENTS = "Plan WidgetExtension.entitlements";
				CODE_SIGN_STYLE = Automatic;
				CURRENT_PROJECT_VERSION = 1;
				DEVELOPMENT_TEAM = 6M38R97L4D;
				GENERATE_INFOPLIST_FILE = YES;
				INFOPLIST_FILE = "Plan Widget/Info.plist";
				INFOPLIST_KEY_CFBundleDisplayName = "Plan Widget";
				INFOPLIST_KEY_NSHumanReadableCopyright = "";
				LD_RUNPATH_SEARCH_PATHS = (
					"$(inherited)",
					"@executable_path/Frameworks",
					"@executable_path/../../Frameworks",
				);
				MARKETING_VERSION = 1.0;
				PRODUCT_BUNDLE_IDENTIFIER = "zgamelogic.Planner-Bot.Plan-Widget";
				PRODUCT_NAME = "$(TARGET_NAME)";
				SKIP_INSTALL = YES;
				SWIFT_EMIT_LOC_STRINGS = YES;
				SWIFT_VERSION = 5.0;
				TARGETED_DEVICE_FAMILY = "1,2";
			};
			name = Debug;
		};
		B5497DAA2C39898F000BCB0F /* Release */ = {
			isa = XCBuildConfiguration;
			buildSettings = {
				ASSETCATALOG_COMPILER_GLOBAL_ACCENT_COLOR_NAME = AccentColor;
				ASSETCATALOG_COMPILER_WIDGET_BACKGROUND_COLOR_NAME = WidgetBackground;
				CODE_SIGN_ENTITLEMENTS = "Plan WidgetExtension.entitlements";
				CODE_SIGN_STYLE = Automatic;
				CURRENT_PROJECT_VERSION = 1;
				DEVELOPMENT_TEAM = 6M38R97L4D;
				GENERATE_INFOPLIST_FILE = YES;
				INFOPLIST_FILE = "Plan Widget/Info.plist";
				INFOPLIST_KEY_CFBundleDisplayName = "Plan Widget";
				INFOPLIST_KEY_NSHumanReadableCopyright = "";
				LD_RUNPATH_SEARCH_PATHS = (
					"$(inherited)",
					"@executable_path/Frameworks",
					"@executable_path/../../Frameworks",
				);
				MARKETING_VERSION = 1.0;
				PRODUCT_BUNDLE_IDENTIFIER = "zgamelogic.Planner-Bot.Plan-Widget";
				PRODUCT_NAME = "$(TARGET_NAME)";
				SKIP_INSTALL = YES;
				SWIFT_EMIT_LOC_STRINGS = YES;
				SWIFT_VERSION = 5.0;
				TARGETED_DEVICE_FAMILY = "1,2";
			};
			name = Release;
		};
		B57D8D2A2C486CF600B55ABD /* Debug */ = {
			isa = XCBuildConfiguration;
			buildSettings = {
				ASSETCATALOG_COMPILER_APPICON_NAME = AppIcon;
				ASSETCATALOG_COMPILER_GLOBAL_ACCENT_COLOR_NAME = AccentColor;
				CODE_SIGN_ENTITLEMENTS = "Plan WatchOS Watch App/Plan WatchOS Watch App.entitlements";
				CODE_SIGN_STYLE = Automatic;
				CURRENT_PROJECT_VERSION = 1;
				DEVELOPMENT_ASSET_PATHS = "\"Plan WatchOS Watch App/Preview Content\"";
				DEVELOPMENT_TEAM = 6M38R97L4D;
				ENABLE_PREVIEWS = YES;
				GENERATE_INFOPLIST_FILE = YES;
				INFOPLIST_KEY_CFBundleDisplayName = "Plan WatchOS";
				INFOPLIST_KEY_UISupportedInterfaceOrientations = "UIInterfaceOrientationPortrait UIInterfaceOrientationPortraitUpsideDown";
				INFOPLIST_KEY_WKCompanionAppBundleIdentifier = "zgamelogic.Planner-Bot";
				LD_RUNPATH_SEARCH_PATHS = (
					"$(inherited)",
					"@executable_path/Frameworks",
				);
				MARKETING_VERSION = 1.0;
				PRODUCT_BUNDLE_IDENTIFIER = "zgamelogic.Planner-Bot.watchkitapp";
				PRODUCT_NAME = "$(TARGET_NAME)";
				SDKROOT = watchos;
				SKIP_INSTALL = YES;
				SWIFT_EMIT_LOC_STRINGS = YES;
				SWIFT_VERSION = 5.0;
				TARGETED_DEVICE_FAMILY = 4;
				WATCHOS_DEPLOYMENT_TARGET = 10.5;
			};
			name = Debug;
		};
		B57D8D2B2C486CF600B55ABD /* Release */ = {
			isa = XCBuildConfiguration;
			buildSettings = {
				ASSETCATALOG_COMPILER_APPICON_NAME = AppIcon;
				ASSETCATALOG_COMPILER_GLOBAL_ACCENT_COLOR_NAME = AccentColor;
				CODE_SIGN_ENTITLEMENTS = "Plan WatchOS Watch App/Plan WatchOS Watch App.entitlements";
				CODE_SIGN_STYLE = Automatic;
				CURRENT_PROJECT_VERSION = 1;
				DEVELOPMENT_ASSET_PATHS = "\"Plan WatchOS Watch App/Preview Content\"";
				DEVELOPMENT_TEAM = 6M38R97L4D;
				ENABLE_PREVIEWS = YES;
				GENERATE_INFOPLIST_FILE = YES;
				INFOPLIST_KEY_CFBundleDisplayName = "Plan WatchOS";
				INFOPLIST_KEY_UISupportedInterfaceOrientations = "UIInterfaceOrientationPortrait UIInterfaceOrientationPortraitUpsideDown";
				INFOPLIST_KEY_WKCompanionAppBundleIdentifier = "zgamelogic.Planner-Bot";
				LD_RUNPATH_SEARCH_PATHS = (
					"$(inherited)",
					"@executable_path/Frameworks",
				);
				MARKETING_VERSION = 1.0;
				PRODUCT_BUNDLE_IDENTIFIER = "zgamelogic.Planner-Bot.watchkitapp";
				PRODUCT_NAME = "$(TARGET_NAME)";
				SDKROOT = watchos;
				SKIP_INSTALL = YES;
				SWIFT_EMIT_LOC_STRINGS = YES;
				SWIFT_VERSION = 5.0;
				TARGETED_DEVICE_FAMILY = 4;
				WATCHOS_DEPLOYMENT_TARGET = 10.5;
			};
			name = Release;
		};
		B5E961542BFF93BA006FDDD1 /* Debug */ = {
			isa = XCBuildConfiguration;
			buildSettings = {
				ALWAYS_SEARCH_USER_PATHS = NO;
				ASSETCATALOG_COMPILER_GENERATE_SWIFT_ASSET_SYMBOL_EXTENSIONS = YES;
				CLANG_ANALYZER_LOCALIZABILITY_NONLOCALIZED = YES;
				CLANG_ANALYZER_NONNULL = YES;
				CLANG_ANALYZER_NUMBER_OBJECT_CONVERSION = YES_AGGRESSIVE;
				CLANG_CXX_LANGUAGE_STANDARD = "gnu++20";
				CLANG_ENABLE_MODULES = YES;
				CLANG_ENABLE_OBJC_ARC = YES;
				CLANG_ENABLE_OBJC_WEAK = YES;
				CLANG_WARN_BLOCK_CAPTURE_AUTORELEASING = YES;
				CLANG_WARN_BOOL_CONVERSION = YES;
				CLANG_WARN_COMMA = YES;
				CLANG_WARN_CONSTANT_CONVERSION = YES;
				CLANG_WARN_DEPRECATED_OBJC_IMPLEMENTATIONS = YES;
				CLANG_WARN_DIRECT_OBJC_ISA_USAGE = YES_ERROR;
				CLANG_WARN_DOCUMENTATION_COMMENTS = YES;
				CLANG_WARN_EMPTY_BODY = YES;
				CLANG_WARN_ENUM_CONVERSION = YES;
				CLANG_WARN_INFINITE_RECURSION = YES;
				CLANG_WARN_INT_CONVERSION = YES;
				CLANG_WARN_NON_LITERAL_NULL_CONVERSION = YES;
				CLANG_WARN_OBJC_IMPLICIT_RETAIN_SELF = YES;
				CLANG_WARN_OBJC_LITERAL_CONVERSION = YES;
				CLANG_WARN_OBJC_ROOT_CLASS = YES_ERROR;
				CLANG_WARN_QUOTED_INCLUDE_IN_FRAMEWORK_HEADER = YES;
				CLANG_WARN_RANGE_LOOP_ANALYSIS = YES;
				CLANG_WARN_STRICT_PROTOTYPES = YES;
				CLANG_WARN_SUSPICIOUS_MOVE = YES;
				CLANG_WARN_UNGUARDED_AVAILABILITY = YES_AGGRESSIVE;
				CLANG_WARN_UNREACHABLE_CODE = YES;
				CLANG_WARN__DUPLICATE_METHOD_MATCH = YES;
				COPY_PHASE_STRIP = NO;
				DEBUG_INFORMATION_FORMAT = dwarf;
				ENABLE_STRICT_OBJC_MSGSEND = YES;
				ENABLE_TESTABILITY = YES;
				ENABLE_USER_SCRIPT_SANDBOXING = YES;
				GCC_C_LANGUAGE_STANDARD = gnu17;
				GCC_DYNAMIC_NO_PIC = NO;
				GCC_NO_COMMON_BLOCKS = YES;
				GCC_OPTIMIZATION_LEVEL = 0;
				GCC_PREPROCESSOR_DEFINITIONS = (
					"DEBUG=1",
					"$(inherited)",
				);
				GCC_WARN_64_TO_32_BIT_CONVERSION = YES;
				GCC_WARN_ABOUT_RETURN_TYPE = YES_ERROR;
				GCC_WARN_UNDECLARED_SELECTOR = YES;
				GCC_WARN_UNINITIALIZED_AUTOS = YES_AGGRESSIVE;
				GCC_WARN_UNUSED_FUNCTION = YES;
				GCC_WARN_UNUSED_VARIABLE = YES;
				IPHONEOS_DEPLOYMENT_TARGET = 17.5;
				LOCALIZATION_PREFERS_STRING_CATALOGS = YES;
				MTL_ENABLE_DEBUG_INFO = INCLUDE_SOURCE;
				MTL_FAST_MATH = YES;
				ONLY_ACTIVE_ARCH = YES;
				SDKROOT = iphoneos;
				SWIFT_ACTIVE_COMPILATION_CONDITIONS = "DEBUG $(inherited)";
				SWIFT_OPTIMIZATION_LEVEL = "-Onone";
			};
			name = Debug;
		};
		B5E961552BFF93BA006FDDD1 /* Release */ = {
			isa = XCBuildConfiguration;
			buildSettings = {
				ALWAYS_SEARCH_USER_PATHS = NO;
				ASSETCATALOG_COMPILER_GENERATE_SWIFT_ASSET_SYMBOL_EXTENSIONS = YES;
				CLANG_ANALYZER_LOCALIZABILITY_NONLOCALIZED = YES;
				CLANG_ANALYZER_NONNULL = YES;
				CLANG_ANALYZER_NUMBER_OBJECT_CONVERSION = YES_AGGRESSIVE;
				CLANG_CXX_LANGUAGE_STANDARD = "gnu++20";
				CLANG_ENABLE_MODULES = YES;
				CLANG_ENABLE_OBJC_ARC = YES;
				CLANG_ENABLE_OBJC_WEAK = YES;
				CLANG_WARN_BLOCK_CAPTURE_AUTORELEASING = YES;
				CLANG_WARN_BOOL_CONVERSION = YES;
				CLANG_WARN_COMMA = YES;
				CLANG_WARN_CONSTANT_CONVERSION = YES;
				CLANG_WARN_DEPRECATED_OBJC_IMPLEMENTATIONS = YES;
				CLANG_WARN_DIRECT_OBJC_ISA_USAGE = YES_ERROR;
				CLANG_WARN_DOCUMENTATION_COMMENTS = YES;
				CLANG_WARN_EMPTY_BODY = YES;
				CLANG_WARN_ENUM_CONVERSION = YES;
				CLANG_WARN_INFINITE_RECURSION = YES;
				CLANG_WARN_INT_CONVERSION = YES;
				CLANG_WARN_NON_LITERAL_NULL_CONVERSION = YES;
				CLANG_WARN_OBJC_IMPLICIT_RETAIN_SELF = YES;
				CLANG_WARN_OBJC_LITERAL_CONVERSION = YES;
				CLANG_WARN_OBJC_ROOT_CLASS = YES_ERROR;
				CLANG_WARN_QUOTED_INCLUDE_IN_FRAMEWORK_HEADER = YES;
				CLANG_WARN_RANGE_LOOP_ANALYSIS = YES;
				CLANG_WARN_STRICT_PROTOTYPES = YES;
				CLANG_WARN_SUSPICIOUS_MOVE = YES;
				CLANG_WARN_UNGUARDED_AVAILABILITY = YES_AGGRESSIVE;
				CLANG_WARN_UNREACHABLE_CODE = YES;
				CLANG_WARN__DUPLICATE_METHOD_MATCH = YES;
				COPY_PHASE_STRIP = NO;
				DEBUG_INFORMATION_FORMAT = "dwarf-with-dsym";
				ENABLE_NS_ASSERTIONS = NO;
				ENABLE_STRICT_OBJC_MSGSEND = YES;
				ENABLE_USER_SCRIPT_SANDBOXING = YES;
				GCC_C_LANGUAGE_STANDARD = gnu17;
				GCC_NO_COMMON_BLOCKS = YES;
				GCC_WARN_64_TO_32_BIT_CONVERSION = YES;
				GCC_WARN_ABOUT_RETURN_TYPE = YES_ERROR;
				GCC_WARN_UNDECLARED_SELECTOR = YES;
				GCC_WARN_UNINITIALIZED_AUTOS = YES_AGGRESSIVE;
				GCC_WARN_UNUSED_FUNCTION = YES;
				GCC_WARN_UNUSED_VARIABLE = YES;
				IPHONEOS_DEPLOYMENT_TARGET = 17.5;
				LOCALIZATION_PREFERS_STRING_CATALOGS = YES;
				MTL_ENABLE_DEBUG_INFO = NO;
				MTL_FAST_MATH = YES;
				SDKROOT = iphoneos;
				SWIFT_COMPILATION_MODE = wholemodule;
				VALIDATE_PRODUCT = YES;
			};
			name = Release;
		};
		B5E961572BFF93BA006FDDD1 /* Debug */ = {
			isa = XCBuildConfiguration;
			buildSettings = {
				ASSETCATALOG_COMPILER_APPICON_NAME = AppIcon;
				ASSETCATALOG_COMPILER_GLOBAL_ACCENT_COLOR_NAME = AccentColor;
				CODE_SIGN_ENTITLEMENTS = "Planner Bot/Planner Bot.entitlements";
				CODE_SIGN_STYLE = Automatic;
				CURRENT_PROJECT_VERSION = 1;
				DEVELOPMENT_ASSET_PATHS = "\"Planner Bot/Preview Content\"";
				DEVELOPMENT_TEAM = 6M38R97L4D;
				ENABLE_PREVIEWS = YES;
				GENERATE_INFOPLIST_FILE = YES;
				INFOPLIST_FILE = "Planner-Bot-Info.plist";
				INFOPLIST_KEY_CFBundleDisplayName = "Planner Bot";
				INFOPLIST_KEY_LSApplicationCategoryType = "public.app-category.productivity";
				INFOPLIST_KEY_UIApplicationSceneManifest_Generation = YES;
				INFOPLIST_KEY_UIApplicationSupportsIndirectInputEvents = YES;
				INFOPLIST_KEY_UILaunchScreen_Generation = YES;
				INFOPLIST_KEY_UISupportedInterfaceOrientations = "UIInterfaceOrientationLandscapeLeft UIInterfaceOrientationLandscapeRight UIInterfaceOrientationPortrait";
				INFOPLIST_KEY_UISupportedInterfaceOrientations_iPad = "UIInterfaceOrientationLandscapeLeft UIInterfaceOrientationLandscapeRight UIInterfaceOrientationPortrait UIInterfaceOrientationPortraitUpsideDown";
				LD_RUNPATH_SEARCH_PATHS = (
					"$(inherited)",
					"@executable_path/Frameworks",
				);
				MARKETING_VERSION = 1.0;
				PRODUCT_BUNDLE_IDENTIFIER = "zgamelogic.Planner-Bot";
				PRODUCT_NAME = "$(TARGET_NAME)";
				SUPPORTED_PLATFORMS = "iphoneos iphonesimulator";
				SUPPORTS_MACCATALYST = NO;
				SUPPORTS_XR_DESIGNED_FOR_IPHONE_IPAD = NO;
				SWIFT_EMIT_LOC_STRINGS = YES;
				SWIFT_VERSION = 5.0;
				TARGETED_DEVICE_FAMILY = "1,2";
			};
			name = Debug;
		};
		B5E961582BFF93BA006FDDD1 /* Release */ = {
			isa = XCBuildConfiguration;
			buildSettings = {
				ASSETCATALOG_COMPILER_APPICON_NAME = AppIcon;
				ASSETCATALOG_COMPILER_GLOBAL_ACCENT_COLOR_NAME = AccentColor;
				CODE_SIGN_ENTITLEMENTS = "Planner Bot/Planner Bot.entitlements";
				CODE_SIGN_STYLE = Automatic;
				CURRENT_PROJECT_VERSION = 1;
				DEVELOPMENT_ASSET_PATHS = "\"Planner Bot/Preview Content\"";
				DEVELOPMENT_TEAM = 6M38R97L4D;
				ENABLE_PREVIEWS = YES;
				GENERATE_INFOPLIST_FILE = YES;
				INFOPLIST_FILE = "Planner-Bot-Info.plist";
				INFOPLIST_KEY_CFBundleDisplayName = "Planner Bot";
				INFOPLIST_KEY_LSApplicationCategoryType = "public.app-category.productivity";
				INFOPLIST_KEY_UIApplicationSceneManifest_Generation = YES;
				INFOPLIST_KEY_UIApplicationSupportsIndirectInputEvents = YES;
				INFOPLIST_KEY_UILaunchScreen_Generation = YES;
				INFOPLIST_KEY_UISupportedInterfaceOrientations = "UIInterfaceOrientationLandscapeLeft UIInterfaceOrientationLandscapeRight UIInterfaceOrientationPortrait";
				INFOPLIST_KEY_UISupportedInterfaceOrientations_iPad = "UIInterfaceOrientationLandscapeLeft UIInterfaceOrientationLandscapeRight UIInterfaceOrientationPortrait UIInterfaceOrientationPortraitUpsideDown";
				LD_RUNPATH_SEARCH_PATHS = (
					"$(inherited)",
					"@executable_path/Frameworks",
				);
				MARKETING_VERSION = 1.0;
				PRODUCT_BUNDLE_IDENTIFIER = "zgamelogic.Planner-Bot";
				PRODUCT_NAME = "$(TARGET_NAME)";
				SUPPORTED_PLATFORMS = "iphoneos iphonesimulator";
				SUPPORTS_MACCATALYST = NO;
				SUPPORTS_XR_DESIGNED_FOR_IPHONE_IPAD = NO;
				SWIFT_EMIT_LOC_STRINGS = YES;
				SWIFT_VERSION = 5.0;
				TARGETED_DEVICE_FAMILY = "1,2";
			};
			name = Release;
		};
/* End XCBuildConfiguration section */

/* Begin XCConfigurationList section */
		B5497DAB2C39898F000BCB0F /* Build configuration list for PBXNativeTarget "Plan WidgetExtension" */ = {
			isa = XCConfigurationList;
			buildConfigurations = (
				B5497DA92C39898F000BCB0F /* Debug */,
				B5497DAA2C39898F000BCB0F /* Release */,
			);
			defaultConfigurationIsVisible = 0;
			defaultConfigurationName = Release;
		};
		B57D8D2C2C486CF600B55ABD /* Build configuration list for PBXNativeTarget "Plan WatchOS Watch App" */ = {
			isa = XCConfigurationList;
			buildConfigurations = (
				B57D8D2A2C486CF600B55ABD /* Debug */,
				B57D8D2B2C486CF600B55ABD /* Release */,
			);
			defaultConfigurationIsVisible = 0;
			defaultConfigurationName = Release;
		};
		B5E961432BFF93B9006FDDD1 /* Build configuration list for PBXProject "Planner Bot" */ = {
			isa = XCConfigurationList;
			buildConfigurations = (
				B5E961542BFF93BA006FDDD1 /* Debug */,
				B5E961552BFF93BA006FDDD1 /* Release */,
			);
			defaultConfigurationIsVisible = 0;
			defaultConfigurationName = Release;
		};
		B5E961562BFF93BA006FDDD1 /* Build configuration list for PBXNativeTarget "Planner Bot" */ = {
			isa = XCConfigurationList;
			buildConfigurations = (
				B5E961572BFF93BA006FDDD1 /* Debug */,
				B5E961582BFF93BA006FDDD1 /* Release */,
			);
			defaultConfigurationIsVisible = 0;
			defaultConfigurationName = Release;
		};
/* End XCConfigurationList section */
	};
	rootObject = B5E961402BFF93B9006FDDD1 /* Project object */;
}
